
Microsoft Visual Studio Solution File, Format Version 12.00
# Visual Studio 14
VisualStudioVersion = 14.0.25420.1
MinimumVisualStudioVersion = 10.0.40219.1
Project("{FAE04EC0-301F-11D3-BF4B-00C04F79EFBC}") = "AlphaCorp", "AlphaCorp\AlphaCorp.csproj", "{6211027C-310F-4BB9-B8E8-515CF809E550}"
EndProject
Project("{FAE04EC0-301F-11D3-BF4B-00C04F79EFBC}") = "AlphaCorp.BLO", "AlphaCorp.BLO\AlphaCorp.BLO.csproj", "{3C78EBFD-16BC-4CED-9949-10BE58AEDB94}"
EndProject
Project("{FAE04EC0-301F-11D3-BF4B-00C04F79EFBC}") = "AlphaCorp.BLL", "AlphaCorp.BLL\AlphaCorp.BLL.csproj", "{82F72A5B-95CF-44A1-B112-F5DE53911F9F}"
EndProject
Project("{FAE04EC0-301F-11D3-BF4B-00C04F79EFBC}") = "AlphaCorp.DAO", "AlphaCorp.DAO\AlphaCorp.DAO.csproj", "{51F013EC-1E32-4174-93EC-A10DEE681AC0}"
EndProject
Global
	GlobalSection(SolutionConfigurationPlatforms) = preSolution
		Debug|Any CPU = Debug|Any CPU
		Release|Any CPU = Release|Any CPU
	EndGlobalSection
	GlobalSection(ProjectConfigurationPlatforms) = postSolution
		{6211027C-310F-4BB9-B8E8-515CF809E550}.Debug|Any CPU.ActiveCfg = Debug|Any CPU
		{6211027C-310F-4BB9-B8E8-515CF809E550}.Debug|Any CPU.Build.0 = Debug|Any CPU
		{6211027C-310F-4BB9-B8E8-515CF809E550}.Release|Any CPU.ActiveCfg = Release|Any CPU
		{6211027C-310F-4BB9-B8E8-515CF809E550}.Release|Any CPU.Build.0 = Release|Any CPU
		{3C78EBFD-16BC-4CED-9949-10BE58AEDB94}.Debug|Any CPU.ActiveCfg = Debug|Any CPU
		{3C78EBFD-16BC-4CED-9949-10BE58AEDB94}.Debug|Any CPU.Build.0 = Debug|Any CPU
		{3C78EBFD-16BC-4CED-9949-10BE58AEDB94}.Release|Any CPU.ActiveCfg = Release|Any CPU
		{3C78EBFD-16BC-4CED-9949-10BE58AEDB94}.Release|Any CPU.Build.0 = Release|Any CPU
		{82F72A5B-95CF-44A1-B112-F5DE53911F9F}.Debug|Any CPU.ActiveCfg = Debug|Any CPU
		{82F72A5B-95CF-44A1-B112-F5DE53911F9F}.Debug|Any CPU.Build.0 = Debug|Any CPU
		{82F72A5B-95CF-44A1-B112-F5DE53911F9F}.Release|Any CPU.ActiveCfg = Release|Any CPU
		{82F72A5B-95CF-44A1-B112-F5DE53911F9F}.Release|Any CPU.Build.0 = Release|Any CPU
		{51F013EC-1E32-4174-93EC-A10DEE681AC0}.Debug|Any CPU.ActiveCfg = Debug|Any CPU
		{51F013EC-1E32-4174-93EC-A10DEE681AC0}.Debug|Any CPU.Build.0 = Debug|Any CPU
		{51F013EC-1E32-4174-93EC-A10DEE681AC0}.Release|Any CPU.ActiveCfg = Release|Any CPU
		{51F013EC-1E32-4174-93EC-A10DEE681AC0}.Release|Any CPU.Build.0 = Release|Any CPU
	EndGlobalSection
	GlobalSection(SolutionProperties) = preSolution
		HideSolutionNode = FALSE
	EndGlobalSection
EndGlobal
